
Microsoft Visual Studio Solution File, Format Version 12.00
# Visual Studio Version 16
VisualStudioVersion = 16.0.30011.22
MinimumVisualStudioVersion = 10.0.40219.1
Project("{FAE04EC0-301F-11D3-BF4B-00C04F79EFBC}") = "PlaceMyBet2", "PlaceMyBet2\PlaceMyBet2.csproj", "{2D1E2474-03C5-4798-93AD-B9CD0BCE0D59}"
EndProject
Global
	GlobalSection(SolutionConfigurationPlatforms) = preSolution
		Debug|Any CPU = Debug|Any CPU
		Release|Any CPU = Release|Any CPU
	EndGlobalSection
	GlobalSection(ProjectConfigurationPlatforms) = postSolution
		{2D1E2474-03C5-4798-93AD-B9CD0BCE0D59}.Debug|Any CPU.ActiveCfg = Debug|Any CPU
		{2D1E2474-03C5-4798-93AD-B9CD0BCE0D59}.Debug|Any CPU.Build.0 = Debug|Any CPU
		{2D1E2474-03C5-4798-93AD-B9CD0BCE0D59}.Release|Any CPU.ActiveCfg = Release|Any CPU
		{2D1E2474-03C5-4798-93AD-B9CD0BCE0D59}.Release|Any CPU.Build.0 = Release|Any CPU
	EndGlobalSection
	GlobalSection(SolutionProperties) = preSolution
		HideSolutionNode = FALSE
	EndGlobalSection
	GlobalSection(ExtensibilityGlobals) = postSolution
		SolutionGuid = {54169CDE-852B-40E2-859A-FD0ADF1DADE2}
	EndGlobalSection
EndGlobal
