
Microsoft Visual Studio Solution File, Format Version 12.00
# Visual Studio Version 16
VisualStudioVersion = 16.0.30011.22
MinimumVisualStudioVersion = 10.0.40219.1
Project("{FAE04EC0-301F-11D3-BF4B-00C04F79EFBC}") = "PlaceMyBet_1", "PlaceMyBet_1\PlaceMyBet_1.csproj", "{4C67181A-E579-4032-BB0D-AFB25B4CE3F6}"
EndProject
Global
	GlobalSection(SolutionConfigurationPlatforms) = preSolution
		Debug|Any CPU = Debug|Any CPU
		Release|Any CPU = Release|Any CPU
	EndGlobalSection
	GlobalSection(ProjectConfigurationPlatforms) = postSolution
		{4C67181A-E579-4032-BB0D-AFB25B4CE3F6}.Debug|Any CPU.ActiveCfg = Debug|Any CPU
		{4C67181A-E579-4032-BB0D-AFB25B4CE3F6}.Debug|Any CPU.Build.0 = Debug|Any CPU
		{4C67181A-E579-4032-BB0D-AFB25B4CE3F6}.Release|Any CPU.ActiveCfg = Release|Any CPU
		{4C67181A-E579-4032-BB0D-AFB25B4CE3F6}.Release|Any CPU.Build.0 = Release|Any CPU
	EndGlobalSection
	GlobalSection(SolutionProperties) = preSolution
		HideSolutionNode = FALSE
	EndGlobalSection
	GlobalSection(ExtensibilityGlobals) = postSolution
		SolutionGuid = {EA2EFBBA-4E90-4949-94C5-CE7D8D6989FD}
	EndGlobalSection
EndGlobal
